
Microsoft Visual Studio Solution File, Format Version 12.00
# Visual Studio 14
VisualStudioVersion = 14.0.25420.1
MinimumVisualStudioVersion = 10.0.40219.1
Project("{8BC9CEB8-8B4A-11D0-8D11-00A0C91BC942}") = "wave_capture", "wave_capture\wave_capture.vcxproj", "{6A188D15-6930-445C-8C5C-784D6B2399A5}"
EndProject
Project("{8BC9CEB8-8B4A-11D0-8D11-00A0C91BC942}") = "wave_play", "wave_play\wave_play.vcxproj", "{C78CA00B-2B4B-4934-A992-20908F70D406}"
EndProject
Global
	GlobalSection(SolutionConfigurationPlatforms) = preSolution
		Debug|x64 = Debug|x64
		Debug|x86 = Debug|x86
		Release|x64 = Release|x64
		Release|x86 = Release|x86
	EndGlobalSection
	GlobalSection(ProjectConfigurationPlatforms) = postSolution
		{6A188D15-6930-445C-8C5C-784D6B2399A5}.Debug|x64.ActiveCfg = Debug|x64
		{6A188D15-6930-445C-8C5C-784D6B2399A5}.Debug|x64.Build.0 = Debug|x64
		{6A188D15-6930-445C-8C5C-784D6B2399A5}.Debug|x86.ActiveCfg = Debug|Win32
		{6A188D15-6930-445C-8C5C-784D6B2399A5}.Debug|x86.Build.0 = Debug|Win32
		{6A188D15-6930-445C-8C5C-784D6B2399A5}.Release|x64.ActiveCfg = Release|x64
		{6A188D15-6930-445C-8C5C-784D6B2399A5}.Release|x64.Build.0 = Release|x64
		{6A188D15-6930-445C-8C5C-784D6B2399A5}.Release|x86.ActiveCfg = Release|Win32
		{6A188D15-6930-445C-8C5C-784D6B2399A5}.Release|x86.Build.0 = Release|Win32
		{C78CA00B-2B4B-4934-A992-20908F70D406}.Debug|x64.ActiveCfg = Debug|x64
		{C78CA00B-2B4B-4934-A992-20908F70D406}.Debug|x64.Build.0 = Debug|x64
		{C78CA00B-2B4B-4934-A992-20908F70D406}.Debug|x86.ActiveCfg = Debug|Win32
		{C78CA00B-2B4B-4934-A992-20908F70D406}.Debug|x86.Build.0 = Debug|Win32
		{C78CA00B-2B4B-4934-A992-20908F70D406}.Release|x64.ActiveCfg = Release|x64
		{C78CA00B-2B4B-4934-A992-20908F70D406}.Release|x64.Build.0 = Release|x64
		{C78CA00B-2B4B-4934-A992-20908F70D406}.Release|x86.ActiveCfg = Release|Win32
		{C78CA00B-2B4B-4934-A992-20908F70D406}.Release|x86.Build.0 = Release|Win32
	EndGlobalSection
	GlobalSection(SolutionProperties) = preSolution
		HideSolutionNode = FALSE
	EndGlobalSection
EndGlobal
